<?xml version="1.0" encoding="utf-8"?>
<Project ToolsVersion="4.0" xmlns="http://schemas.microsoft.com/developer/msbuild/2003">
  <ItemGroup>
    <Filter Include="ソース ファイル">
      <UniqueIdentifier>{196896ab-6b34-4519-b07d-3df89bd9ef7d}</UniqueIdentifier>
    </Filter>
    <Filter Include="生成されたファイル">
      <UniqueIdentifier>{d928d5f8-44e4-4681-9983-2c89d5ddfe56}</UniqueIdentifier>
      <SourceControlFiles>False</SourceControlFiles>
    </Filter>
  </ItemGroup>
  <ItemGroup>
    <None Include="IF_MDLps.def" />
  </ItemGroup>
  <ItemGroup>
    <ClCompile Include="IF_MDL_i.c">
      <Filter>生成されたファイル</Filter>
    </ClCompile>
    <ClCompile Include="IF_MDL_p.c">
      <Filter>生成されたファイル</Filter>
    </ClCompile>
    <ClCompile Include="dlldata.c">
      <Filter>生成されたファイル</Filter>
    </ClCompile>
  </ItemGroup>
</Project>